
Microsoft Visual Studio Solution File, Format Version 12.00
# Visual Studio Version 16
VisualStudioVersion = 16.0.29326.143
MinimumVisualStudioVersion = 10.0.40219.1
Project("{9A19103F-16F7-4668-BE54-9A1E7A4F7556}") = "BlazorNotes.Server", "Server\BlazorNotes.Server.csproj", "{8492F6EE-BDA8-413A-98EF-54896567277D}"
EndProject
Project("{9A19103F-16F7-4668-BE54-9A1E7A4F7556}") = "BlazorNotes.Client", "Client\BlazorNotes.Client.csproj", "{30F5D09B-5C5D-4A4E-9981-80126697FBA2}"
EndProject
Project("{9A19103F-16F7-4668-BE54-9A1E7A4F7556}") = "BlazorNotes.Shared", "Shared\BlazorNotes.Shared.csproj", "{70C2A086-7BDD-465E-8C13-27B1D84C19EA}"
EndProject
Global
	GlobalSection(SolutionConfigurationPlatforms) = preSolution
		Debug|Any CPU = Debug|Any CPU
		Release|Any CPU = Release|Any CPU
	EndGlobalSection
	GlobalSection(ProjectConfigurationPlatforms) = postSolution
		{8492F6EE-BDA8-413A-98EF-54896567277D}.Debug|Any CPU.ActiveCfg = Debug|Any CPU
		{8492F6EE-BDA8-413A-98EF-54896567277D}.Debug|Any CPU.Build.0 = Debug|Any CPU
		{8492F6EE-BDA8-413A-98EF-54896567277D}.Release|Any CPU.ActiveCfg = Release|Any CPU
		{8492F6EE-BDA8-413A-98EF-54896567277D}.Release|Any CPU.Build.0 = Release|Any CPU
		{30F5D09B-5C5D-4A4E-9981-80126697FBA2}.Debug|Any CPU.ActiveCfg = Debug|Any CPU
		{30F5D09B-5C5D-4A4E-9981-80126697FBA2}.Debug|Any CPU.Build.0 = Debug|Any CPU
		{30F5D09B-5C5D-4A4E-9981-80126697FBA2}.Release|Any CPU.ActiveCfg = Release|Any CPU
		{30F5D09B-5C5D-4A4E-9981-80126697FBA2}.Release|Any CPU.Build.0 = Release|Any CPU
		{70C2A086-7BDD-465E-8C13-27B1D84C19EA}.Debug|Any CPU.ActiveCfg = Debug|Any CPU
		{70C2A086-7BDD-465E-8C13-27B1D84C19EA}.Debug|Any CPU.Build.0 = Debug|Any CPU
		{70C2A086-7BDD-465E-8C13-27B1D84C19EA}.Release|Any CPU.ActiveCfg = Release|Any CPU
		{70C2A086-7BDD-465E-8C13-27B1D84C19EA}.Release|Any CPU.Build.0 = Release|Any CPU
	EndGlobalSection
	GlobalSection(SolutionProperties) = preSolution
		HideSolutionNode = FALSE
	EndGlobalSection
	GlobalSection(ExtensibilityGlobals) = postSolution
		SolutionGuid = {ABAD59A2-74F5-44DD-A40B-EA23E356431D}
	EndGlobalSection
EndGlobal
